
Microsoft Visual Studio Solution File, Format Version 12.00
# Visual Studio 14
VisualStudioVersion = 14.0.23107.0
MinimumVisualStudioVersion = 10.0.40219.1
Project("{FAE04EC0-301F-11D3-BF4B-00C04F79EFBC}") = "RentProod.IOS", "iOS\RentProod.IOS.csproj", "{9EF20CB1-9B40-4969-8E01-6DADB7131314}"
EndProject
Project("{FAE04EC0-301F-11D3-BF4B-00C04F79EFBC}") = "RentProof.Droid", "Droid\RentProof.Droid.csproj", "{6B737455-5AA3-45DE-9AFA-643C5286CDC4}"
EndProject
Project("{FAE04EC0-301F-11D3-BF4B-00C04F79EFBC}") = "RentProof.API", "RentProofAPI\RentProof.API.csproj", "{67F9D3A8-F71E-4428-913F-C37AE82CDB24}"
EndProject
Global
	GlobalSection(SolutionConfigurationPlatforms) = preSolution
		Debug|Any CPU = Debug|Any CPU
		Debug|ARM = Debug|ARM
		Debug|iPhone = Debug|iPhone
		Debug|iPhoneSimulator = Debug|iPhoneSimulator
		Debug|Mixed Platforms = Debug|Mixed Platforms
		Debug|x86 = Debug|x86
		Release|Any CPU = Release|Any CPU
		Release|ARM = Release|ARM
		Release|iPhone = Release|iPhone
		Release|iPhoneSimulator = Release|iPhoneSimulator
		Release|Mixed Platforms = Release|Mixed Platforms
		Release|x86 = Release|x86
	EndGlobalSection
	GlobalSection(ProjectConfigurationPlatforms) = postSolution
		{9EF20CB1-9B40-4969-8E01-6DADB7131314}.Debug|Any CPU.ActiveCfg = Debug|iPhoneSimulator
		{9EF20CB1-9B40-4969-8E01-6DADB7131314}.Debug|Any CPU.Build.0 = Debug|iPhoneSimulator
		{9EF20CB1-9B40-4969-8E01-6DADB7131314}.Debug|ARM.ActiveCfg = Debug|iOS Simulator
		{9EF20CB1-9B40-4969-8E01-6DADB7131314}.Debug|iPhone.ActiveCfg = Debug|iPhone
		{9EF20CB1-9B40-4969-8E01-6DADB7131314}.Debug|iPhone.Build.0 = Debug|iPhone
		{9EF20CB1-9B40-4969-8E01-6DADB7131314}.Debug|iPhoneSimulator.ActiveCfg = Debug|iPhoneSimulator
		{9EF20CB1-9B40-4969-8E01-6DADB7131314}.Debug|iPhoneSimulator.Build.0 = Debug|iPhoneSimulator
		{9EF20CB1-9B40-4969-8E01-6DADB7131314}.Debug|Mixed Platforms.ActiveCfg = Debug|iOS Simulator
		{9EF20CB1-9B40-4969-8E01-6DADB7131314}.Debug|Mixed Platforms.Build.0 = Debug|iOS Simulator
		{9EF20CB1-9B40-4969-8E01-6DADB7131314}.Debug|x86.ActiveCfg = Debug|iOS Simulator
		{9EF20CB1-9B40-4969-8E01-6DADB7131314}.Release|Any CPU.ActiveCfg = Release|iPhone
		{9EF20CB1-9B40-4969-8E01-6DADB7131314}.Release|Any CPU.Build.0 = Release|iPhone
		{9EF20CB1-9B40-4969-8E01-6DADB7131314}.Release|ARM.ActiveCfg = Release|iOS Simulator
		{9EF20CB1-9B40-4969-8E01-6DADB7131314}.Release|iPhone.ActiveCfg = Release|iPhone
		{9EF20CB1-9B40-4969-8E01-6DADB7131314}.Release|iPhone.Build.0 = Release|iPhone
		{9EF20CB1-9B40-4969-8E01-6DADB7131314}.Release|iPhoneSimulator.ActiveCfg = Release|iPhoneSimulator
		{9EF20CB1-9B40-4969-8E01-6DADB7131314}.Release|iPhoneSimulator.Build.0 = Release|iPhoneSimulator
		{9EF20CB1-9B40-4969-8E01-6DADB7131314}.Release|Mixed Platforms.ActiveCfg = Release|iOS Simulator
		{9EF20CB1-9B40-4969-8E01-6DADB7131314}.Release|Mixed Platforms.Build.0 = Release|iOS Simulator
		{9EF20CB1-9B40-4969-8E01-6DADB7131314}.Release|x86.ActiveCfg = Release|iOS Simulator
		{6B737455-5AA3-45DE-9AFA-643C5286CDC4}.Debug|Any CPU.ActiveCfg = Debug|Any CPU
		{6B737455-5AA3-45DE-9AFA-643C5286CDC4}.Debug|Any CPU.Build.0 = Debug|Any CPU
		{6B737455-5AA3-45DE-9AFA-643C5286CDC4}.Debug|Any CPU.Deploy.0 = Debug|Any CPU
		{6B737455-5AA3-45DE-9AFA-643C5286CDC4}.Debug|ARM.ActiveCfg = Debug|Any CPU
		{6B737455-5AA3-45DE-9AFA-643C5286CDC4}.Debug|ARM.Build.0 = Debug|Any CPU
		{6B737455-5AA3-45DE-9AFA-643C5286CDC4}.Debug|ARM.Deploy.0 = Debug|Any CPU
		{6B737455-5AA3-45DE-9AFA-643C5286CDC4}.Debug|iPhone.ActiveCfg = Debug|Any CPU
		{6B737455-5AA3-45DE-9AFA-643C5286CDC4}.Debug|iPhone.Build.0 = Debug|Any CPU
		{6B737455-5AA3-45DE-9AFA-643C5286CDC4}.Debug|iPhone.Deploy.0 = Debug|Any CPU
		{6B737455-5AA3-45DE-9AFA-643C5286CDC4}.Debug|iPhoneSimulator.ActiveCfg = Debug|Any CPU
		{6B737455-5AA3-45DE-9AFA-643C5286CDC4}.Debug|iPhoneSimulator.Build.0 = Debug|Any CPU
		{6B737455-5AA3-45DE-9AFA-643C5286CDC4}.Debug|Mixed Platforms.ActiveCfg = Debug|Any CPU
		{6B737455-5AA3-45DE-9AFA-643C5286CDC4}.Debug|Mixed Platforms.Build.0 = Debug|Any CPU
		{6B737455-5AA3-45DE-9AFA-643C5286CDC4}.Debug|Mixed Platforms.Deploy.0 = Debug|Any CPU
		{6B737455-5AA3-45DE-9AFA-643C5286CDC4}.Debug|x86.ActiveCfg = Debug|Any CPU
		{6B737455-5AA3-45DE-9AFA-643C5286CDC4}.Debug|x86.Build.0 = Debug|Any CPU
		{6B737455-5AA3-45DE-9AFA-643C5286CDC4}.Debug|x86.Deploy.0 = Debug|Any CPU
		{6B737455-5AA3-45DE-9AFA-643C5286CDC4}.Release|Any CPU.ActiveCfg = Release|Any CPU
		{6B737455-5AA3-45DE-9AFA-643C5286CDC4}.Release|Any CPU.Build.0 = Release|Any CPU
		{6B737455-5AA3-45DE-9AFA-643C5286CDC4}.Release|ARM.ActiveCfg = Release|Any CPU
		{6B737455-5AA3-45DE-9AFA-643C5286CDC4}.Release|ARM.Build.0 = Release|Any CPU
		{6B737455-5AA3-45DE-9AFA-643C5286CDC4}.Release|ARM.Deploy.0 = Release|Any CPU
		{6B737455-5AA3-45DE-9AFA-643C5286CDC4}.Release|iPhone.ActiveCfg = Release|Any CPU
		{6B737455-5AA3-45DE-9AFA-643C5286CDC4}.Release|iPhone.Build.0 = Release|Any CPU
		{6B737455-5AA3-45DE-9AFA-643C5286CDC4}.Release|iPhoneSimulator.ActiveCfg = Release|Any CPU
		{6B737455-5AA3-45DE-9AFA-643C5286CDC4}.Release|iPhoneSimulator.Build.0 = Release|Any CPU
		{6B737455-5AA3-45DE-9AFA-643C5286CDC4}.Release|Mixed Platforms.ActiveCfg = Release|Any CPU
		{6B737455-5AA3-45DE-9AFA-643C5286CDC4}.Release|Mixed Platforms.Build.0 = Release|Any CPU
		{6B737455-5AA3-45DE-9AFA-643C5286CDC4}.Release|Mixed Platforms.Deploy.0 = Release|Any CPU
		{6B737455-5AA3-45DE-9AFA-643C5286CDC4}.Release|x86.ActiveCfg = Release|Any CPU
		{6B737455-5AA3-45DE-9AFA-643C5286CDC4}.Release|x86.Build.0 = Release|Any CPU
		{6B737455-5AA3-45DE-9AFA-643C5286CDC4}.Release|x86.Deploy.0 = Release|Any CPU
		{67F9D3A8-F71E-4428-913F-C37AE82CDB24}.Debug|Any CPU.ActiveCfg = Debug|Any CPU
		{67F9D3A8-F71E-4428-913F-C37AE82CDB24}.Debug|Any CPU.Build.0 = Debug|Any CPU
		{67F9D3A8-F71E-4428-913F-C37AE82CDB24}.Debug|ARM.ActiveCfg = Debug|Any CPU
		{67F9D3A8-F71E-4428-913F-C37AE82CDB24}.Debug|ARM.Build.0 = Debug|Any CPU
		{67F9D3A8-F71E-4428-913F-C37AE82CDB24}.Debug|iPhone.ActiveCfg = Debug|Any CPU
		{67F9D3A8-F71E-4428-913F-C37AE82CDB24}.Debug|iPhone.Build.0 = Debug|Any CPU
		{67F9D3A8-F71E-4428-913F-C37AE82CDB24}.Debug|iPhoneSimulator.ActiveCfg = Debug|Any CPU
		{67F9D3A8-F71E-4428-913F-C37AE82CDB24}.Debug|iPhoneSimulator.Build.0 = Debug|Any CPU
		{67F9D3A8-F71E-4428-913F-C37AE82CDB24}.Debug|Mixed Platforms.ActiveCfg = Debug|Any CPU
		{67F9D3A8-F71E-4428-913F-C37AE82CDB24}.Debug|Mixed Platforms.Build.0 = Debug|Any CPU
		{67F9D3A8-F71E-4428-913F-C37AE82CDB24}.Debug|x86.ActiveCfg = Debug|Any CPU
		{67F9D3A8-F71E-4428-913F-C37AE82CDB24}.Debug|x86.Build.0 = Debug|Any CPU
		{67F9D3A8-F71E-4428-913F-C37AE82CDB24}.Release|Any CPU.ActiveCfg = Release|Any CPU
		{67F9D3A8-F71E-4428-913F-C37AE82CDB24}.Release|Any CPU.Build.0 = Release|Any CPU
		{67F9D3A8-F71E-4428-913F-C37AE82CDB24}.Release|ARM.ActiveCfg = Release|Any CPU
		{67F9D3A8-F71E-4428-913F-C37AE82CDB24}.Release|ARM.Build.0 = Release|Any CPU
		{67F9D3A8-F71E-4428-913F-C37AE82CDB24}.Release|iPhone.ActiveCfg = Release|Any CPU
		{67F9D3A8-F71E-4428-913F-C37AE82CDB24}.Release|iPhone.Build.0 = Release|Any CPU
		{67F9D3A8-F71E-4428-913F-C37AE82CDB24}.Release|iPhoneSimulator.ActiveCfg = Release|Any CPU
		{67F9D3A8-F71E-4428-913F-C37AE82CDB24}.Release|iPhoneSimulator.Build.0 = Release|Any CPU
		{67F9D3A8-F71E-4428-913F-C37AE82CDB24}.Release|Mixed Platforms.ActiveCfg = Release|Any CPU
		{67F9D3A8-F71E-4428-913F-C37AE82CDB24}.Release|Mixed Platforms.Build.0 = Release|Any CPU
		{67F9D3A8-F71E-4428-913F-C37AE82CDB24}.Release|x86.ActiveCfg = Release|Any CPU
		{67F9D3A8-F71E-4428-913F-C37AE82CDB24}.Release|x86.Build.0 = Release|Any CPU
	EndGlobalSection
	GlobalSection(SolutionProperties) = preSolution
		HideSolutionNode = FALSE
	EndGlobalSection
EndGlobal
